
Microsoft Visual Studio Solution File, Format Version 12.00
# Visual Studio Version 17
VisualStudioVersion = 17.0.31903.59
MinimumVisualStudioVersion = 10.0.40219.1
Project("{FAE04EC0-301F-11D3-BF4B-00C04F79EFBC}") = "StudentInformationSystem.Data", "StudentInformationSystem.Data\StudentInformationSystem.Data.csproj", "{D2284140-296C-4D9B-B87E-94B3CF59BCA0}"
EndProject
Project("{FAE04EC0-301F-11D3-BF4B-00C04F79EFBC}") = "StudentInformationSystem.Services", "StudentInformationSystem.Services\StudentInformationSystem.Services.csproj", "{61E5E9C8-1D55-4F38-8D1D-0106B270D5B7}"
EndProject
Project("{FAE04EC0-301F-11D3-BF4B-00C04F79EFBC}") = "StudentInformationSystem.Controllers", "StudentInformationSystem.Controllers\StudentInformationSystem.Controllers.csproj", "{4CCF40E3-2389-4CE9-A166-F20126BFB463}"
EndProject
Project("{FAE04EC0-301F-11D3-BF4B-00C04F79EFBC}") = "StudentInformationSystem", "StudentInformationSystem\StudentInformationSystem.csproj", "{1D0CDC94-291A-43A3-A586-32F8CE36963A}"
EndProject
Global
	GlobalSection(SolutionConfigurationPlatforms) = preSolution
		Debug|Any CPU = Debug|Any CPU
		Release|Any CPU = Release|Any CPU
	EndGlobalSection
	GlobalSection(SolutionProperties) = preSolution
		HideSolutionNode = FALSE
	EndGlobalSection
	GlobalSection(ProjectConfigurationPlatforms) = postSolution
		{D2284140-296C-4D9B-B87E-94B3CF59BCA0}.Debug|Any CPU.ActiveCfg = Debug|Any CPU
		{D2284140-296C-4D9B-B87E-94B3CF59BCA0}.Debug|Any CPU.Build.0 = Debug|Any CPU
		{D2284140-296C-4D9B-B87E-94B3CF59BCA0}.Release|Any CPU.ActiveCfg = Release|Any CPU
		{D2284140-296C-4D9B-B87E-94B3CF59BCA0}.Release|Any CPU.Build.0 = Release|Any CPU
		{61E5E9C8-1D55-4F38-8D1D-0106B270D5B7}.Debug|Any CPU.ActiveCfg = Debug|Any CPU
		{61E5E9C8-1D55-4F38-8D1D-0106B270D5B7}.Debug|Any CPU.Build.0 = Debug|Any CPU
		{61E5E9C8-1D55-4F38-8D1D-0106B270D5B7}.Release|Any CPU.ActiveCfg = Release|Any CPU
		{61E5E9C8-1D55-4F38-8D1D-0106B270D5B7}.Release|Any CPU.Build.0 = Release|Any CPU
		{4CCF40E3-2389-4CE9-A166-F20126BFB463}.Debug|Any CPU.ActiveCfg = Debug|Any CPU
		{4CCF40E3-2389-4CE9-A166-F20126BFB463}.Debug|Any CPU.Build.0 = Debug|Any CPU
		{4CCF40E3-2389-4CE9-A166-F20126BFB463}.Release|Any CPU.ActiveCfg = Release|Any CPU
		{4CCF40E3-2389-4CE9-A166-F20126BFB463}.Release|Any CPU.Build.0 = Release|Any CPU
		{1D0CDC94-291A-43A3-A586-32F8CE36963A}.Debug|Any CPU.ActiveCfg = Debug|Any CPU
		{1D0CDC94-291A-43A3-A586-32F8CE36963A}.Debug|Any CPU.Build.0 = Debug|Any CPU
		{1D0CDC94-291A-43A3-A586-32F8CE36963A}.Release|Any CPU.ActiveCfg = Release|Any CPU
		{1D0CDC94-291A-43A3-A586-32F8CE36963A}.Release|Any CPU.Build.0 = Release|Any CPU
	EndGlobalSection
EndGlobal
